
Microsoft Visual Studio Solution File, Format Version 12.00
# Visual Studio Version 16
VisualStudioVersion = 16.0.32126.315
MinimumVisualStudioVersion = 10.0.40219.1
Project("{FAE04EC0-301F-11D3-BF4B-00C04F79EFBC}") = "uasSISCER", "uasSISCER\uasSISCER.csproj", "{5BAA0C19-976D-4646-AA64-0ACDDF06A3EE}"
EndProject
Global
	GlobalSection(SolutionConfigurationPlatforms) = preSolution
		Debug|Any CPU = Debug|Any CPU
		Release|Any CPU = Release|Any CPU
	EndGlobalSection
	GlobalSection(ProjectConfigurationPlatforms) = postSolution
		{5BAA0C19-976D-4646-AA64-0ACDDF06A3EE}.Debug|Any CPU.ActiveCfg = Debug|Any CPU
		{5BAA0C19-976D-4646-AA64-0ACDDF06A3EE}.Debug|Any CPU.Build.0 = Debug|Any CPU
		{5BAA0C19-976D-4646-AA64-0ACDDF06A3EE}.Release|Any CPU.ActiveCfg = Release|Any CPU
		{5BAA0C19-976D-4646-AA64-0ACDDF06A3EE}.Release|Any CPU.Build.0 = Release|Any CPU
	EndGlobalSection
	GlobalSection(SolutionProperties) = preSolution
		HideSolutionNode = FALSE
	EndGlobalSection
	GlobalSection(ExtensibilityGlobals) = postSolution
		SolutionGuid = {4902A2B8-A887-4F10-9713-977643F7A88A}
	EndGlobalSection
EndGlobal
